
Microsoft Visual Studio Solution File, Format Version 12.00
# Visual Studio 14
VisualStudioVersion = 14.0.25420.1
MinimumVisualStudioVersion = 10.0.40219.1
Project("{8BC9CEB8-8B4A-11D0-8D11-00A0C91BC942}") = "Phonebook", "Phonebook\Phonebook.vcxproj", "{5E03EBA0-D8CD-416A-8E2B-F345AE6CC6B9}"
EndProject
Project("{8BC9CEB8-8B4A-11D0-8D11-00A0C91BC942}") = "dekltype", "dekltype\dekltype.vcxproj", "{7C80BEA3-8152-4D4A-ACC4-026C85B44B6E}"
EndProject
Project("{8BC9CEB8-8B4A-11D0-8D11-00A0C91BC942}") = "initializer_list", "initializer_list\initializer_list.vcxproj", "{311458D8-F1EF-4B20-909A-DA533C43B6FC}"
EndProject
Project("{8BC9CEB8-8B4A-11D0-8D11-00A0C91BC942}") = "ConsoleApplication1", "ConsoleApplication1\ConsoleApplication1.vcxproj", "{3693283E-F566-4583-BABE-FD69457D15C6}"
EndProject
Project("{8BC9CEB8-8B4A-11D0-8D11-00A0C91BC942}") = "DoubleLinkedList", "DoubleLinkedList\DoubleLinkedList.vcxproj", "{214B1900-354A-4FD9-822F-9365122B3D11}"
EndProject
Project("{8BC9CEB8-8B4A-11D0-8D11-00A0C91BC942}") = "BI_Tree", "BI_Tree\BI_Tree.vcxproj", "{80109C7A-2B7E-42F0-A610-F867601BC470}"
EndProject
Project("{8BC9CEB8-8B4A-11D0-8D11-00A0C91BC942}") = "Task_List", "Task_List\Task_List.vcxproj", "{D2A77D66-5BEC-499D-96B1-A9B5C4F83187}"
EndProject
Project("{8BC9CEB8-8B4A-11D0-8D11-00A0C91BC942}") = "Csharp_example", "Csharp_example\Csharp_example.vcxproj", "{4C717A30-1837-4200-840D-F0C744A1F479}"
EndProject
Project("{8BC9CEB8-8B4A-11D0-8D11-00A0C91BC942}") = "11.12.2017", "11.12.2017\11.12.2017.vcxproj", "{5C321CBC-E48D-41E4-BD9B-AA3E94BE586A}"
EndProject
Project("{8BC9CEB8-8B4A-11D0-8D11-00A0C91BC942}") = "12.12.2017", "12.12.2017\12.12.2017.vcxproj", "{521020F9-27BB-4C81-B30E-F40D827B66A5}"
EndProject
Project("{8BC9CEB8-8B4A-11D0-8D11-00A0C91BC942}") = "13.12.2017", "13.12.2017\13.12.2017.vcxproj", "{F372E684-C1AF-40E2-BAC2-59717A719BA1}"
EndProject
Project("{8BC9CEB8-8B4A-11D0-8D11-00A0C91BC942}") = "14.12.2017", "14.12.2017\14.12.2017.vcxproj", "{AFB07D15-F955-4E97-B3B1-DA8CD6E1531B}"
EndProject
Project("{8BC9CEB8-8B4A-11D0-8D11-00A0C91BC942}") = "19.12.2017", "19.12.2017\19.12.2017.vcxproj", "{7265FDEE-43B5-4CFA-AE40-E76DEFB7C835}"
EndProject
Project("{8BC9CEB8-8B4A-11D0-8D11-00A0C91BC942}") = "20.12.2017", "20.12.2017\20.12.2017.vcxproj", "{1031CE7F-EA3F-46BF-8356-4E127A2D5704}"
EndProject
Global
	GlobalSection(SolutionConfigurationPlatforms) = preSolution
		Debug|x64 = Debug|x64
		Debug|x86 = Debug|x86
		Release|x64 = Release|x64
		Release|x86 = Release|x86
	EndGlobalSection
	GlobalSection(ProjectConfigurationPlatforms) = postSolution
		{5E03EBA0-D8CD-416A-8E2B-F345AE6CC6B9}.Debug|x64.ActiveCfg = Debug|x64
		{5E03EBA0-D8CD-416A-8E2B-F345AE6CC6B9}.Debug|x64.Build.0 = Debug|x64
		{5E03EBA0-D8CD-416A-8E2B-F345AE6CC6B9}.Debug|x86.ActiveCfg = Debug|Win32
		{5E03EBA0-D8CD-416A-8E2B-F345AE6CC6B9}.Debug|x86.Build.0 = Debug|Win32
		{5E03EBA0-D8CD-416A-8E2B-F345AE6CC6B9}.Release|x64.ActiveCfg = Release|x64
		{5E03EBA0-D8CD-416A-8E2B-F345AE6CC6B9}.Release|x64.Build.0 = Release|x64
		{5E03EBA0-D8CD-416A-8E2B-F345AE6CC6B9}.Release|x86.ActiveCfg = Release|Win32
		{5E03EBA0-D8CD-416A-8E2B-F345AE6CC6B9}.Release|x86.Build.0 = Release|Win32
		{7C80BEA3-8152-4D4A-ACC4-026C85B44B6E}.Debug|x64.ActiveCfg = Debug|x64
		{7C80BEA3-8152-4D4A-ACC4-026C85B44B6E}.Debug|x64.Build.0 = Debug|x64
		{7C80BEA3-8152-4D4A-ACC4-026C85B44B6E}.Debug|x86.ActiveCfg = Debug|Win32
		{7C80BEA3-8152-4D4A-ACC4-026C85B44B6E}.Debug|x86.Build.0 = Debug|Win32
		{7C80BEA3-8152-4D4A-ACC4-026C85B44B6E}.Release|x64.ActiveCfg = Release|x64
		{7C80BEA3-8152-4D4A-ACC4-026C85B44B6E}.Release|x64.Build.0 = Release|x64
		{7C80BEA3-8152-4D4A-ACC4-026C85B44B6E}.Release|x86.ActiveCfg = Release|Win32
		{7C80BEA3-8152-4D4A-ACC4-026C85B44B6E}.Release|x86.Build.0 = Release|Win32
		{311458D8-F1EF-4B20-909A-DA533C43B6FC}.Debug|x64.ActiveCfg = Debug|x64
		{311458D8-F1EF-4B20-909A-DA533C43B6FC}.Debug|x64.Build.0 = Debug|x64
		{311458D8-F1EF-4B20-909A-DA533C43B6FC}.Debug|x86.ActiveCfg = Debug|Win32
		{311458D8-F1EF-4B20-909A-DA533C43B6FC}.Debug|x86.Build.0 = Debug|Win32
		{311458D8-F1EF-4B20-909A-DA533C43B6FC}.Release|x64.ActiveCfg = Release|x64
		{311458D8-F1EF-4B20-909A-DA533C43B6FC}.Release|x64.Build.0 = Release|x64
		{311458D8-F1EF-4B20-909A-DA533C43B6FC}.Release|x86.ActiveCfg = Release|Win32
		{311458D8-F1EF-4B20-909A-DA533C43B6FC}.Release|x86.Build.0 = Release|Win32
		{3693283E-F566-4583-BABE-FD69457D15C6}.Debug|x64.ActiveCfg = Debug|x64
		{3693283E-F566-4583-BABE-FD69457D15C6}.Debug|x64.Build.0 = Debug|x64
		{3693283E-F566-4583-BABE-FD69457D15C6}.Debug|x86.ActiveCfg = Debug|Win32
		{3693283E-F566-4583-BABE-FD69457D15C6}.Debug|x86.Build.0 = Debug|Win32
		{3693283E-F566-4583-BABE-FD69457D15C6}.Release|x64.ActiveCfg = Release|x64
		{3693283E-F566-4583-BABE-FD69457D15C6}.Release|x64.Build.0 = Release|x64
		{3693283E-F566-4583-BABE-FD69457D15C6}.Release|x86.ActiveCfg = Release|Win32
		{3693283E-F566-4583-BABE-FD69457D15C6}.Release|x86.Build.0 = Release|Win32
		{214B1900-354A-4FD9-822F-9365122B3D11}.Debug|x64.ActiveCfg = Debug|x64
		{214B1900-354A-4FD9-822F-9365122B3D11}.Debug|x64.Build.0 = Debug|x64
		{214B1900-354A-4FD9-822F-9365122B3D11}.Debug|x86.ActiveCfg = Debug|Win32
		{214B1900-354A-4FD9-822F-9365122B3D11}.Debug|x86.Build.0 = Debug|Win32
		{214B1900-354A-4FD9-822F-9365122B3D11}.Release|x64.ActiveCfg = Release|x64
		{214B1900-354A-4FD9-822F-9365122B3D11}.Release|x64.Build.0 = Release|x64
		{214B1900-354A-4FD9-822F-9365122B3D11}.Release|x86.ActiveCfg = Release|Win32
		{214B1900-354A-4FD9-822F-9365122B3D11}.Release|x86.Build.0 = Release|Win32
		{80109C7A-2B7E-42F0-A610-F867601BC470}.Debug|x64.ActiveCfg = Debug|x64
		{80109C7A-2B7E-42F0-A610-F867601BC470}.Debug|x64.Build.0 = Debug|x64
		{80109C7A-2B7E-42F0-A610-F867601BC470}.Debug|x86.ActiveCfg = Debug|Win32
		{80109C7A-2B7E-42F0-A610-F867601BC470}.Debug|x86.Build.0 = Debug|Win32
		{80109C7A-2B7E-42F0-A610-F867601BC470}.Release|x64.ActiveCfg = Release|x64
		{80109C7A-2B7E-42F0-A610-F867601BC470}.Release|x64.Build.0 = Release|x64
		{80109C7A-2B7E-42F0-A610-F867601BC470}.Release|x86.ActiveCfg = Release|Win32
		{80109C7A-2B7E-42F0-A610-F867601BC470}.Release|x86.Build.0 = Release|Win32
		{D2A77D66-5BEC-499D-96B1-A9B5C4F83187}.Debug|x64.ActiveCfg = Debug|x64
		{D2A77D66-5BEC-499D-96B1-A9B5C4F83187}.Debug|x64.Build.0 = Debug|x64
		{D2A77D66-5BEC-499D-96B1-A9B5C4F83187}.Debug|x86.ActiveCfg = Debug|Win32
		{D2A77D66-5BEC-499D-96B1-A9B5C4F83187}.Debug|x86.Build.0 = Debug|Win32
		{D2A77D66-5BEC-499D-96B1-A9B5C4F83187}.Release|x64.ActiveCfg = Release|x64
		{D2A77D66-5BEC-499D-96B1-A9B5C4F83187}.Release|x64.Build.0 = Release|x64
		{D2A77D66-5BEC-499D-96B1-A9B5C4F83187}.Release|x86.ActiveCfg = Release|Win32
		{D2A77D66-5BEC-499D-96B1-A9B5C4F83187}.Release|x86.Build.0 = Release|Win32
		{4C717A30-1837-4200-840D-F0C744A1F479}.Debug|x64.ActiveCfg = Debug|x64
		{4C717A30-1837-4200-840D-F0C744A1F479}.Debug|x64.Build.0 = Debug|x64
		{4C717A30-1837-4200-840D-F0C744A1F479}.Debug|x86.ActiveCfg = Debug|Win32
		{4C717A30-1837-4200-840D-F0C744A1F479}.Debug|x86.Build.0 = Debug|Win32
		{4C717A30-1837-4200-840D-F0C744A1F479}.Release|x64.ActiveCfg = Release|x64
		{4C717A30-1837-4200-840D-F0C744A1F479}.Release|x64.Build.0 = Release|x64
		{4C717A30-1837-4200-840D-F0C744A1F479}.Release|x86.ActiveCfg = Release|Win32
		{4C717A30-1837-4200-840D-F0C744A1F479}.Release|x86.Build.0 = Release|Win32
		{5C321CBC-E48D-41E4-BD9B-AA3E94BE586A}.Debug|x64.ActiveCfg = Debug|x64
		{5C321CBC-E48D-41E4-BD9B-AA3E94BE586A}.Debug|x64.Build.0 = Debug|x64
		{5C321CBC-E48D-41E4-BD9B-AA3E94BE586A}.Debug|x86.ActiveCfg = Debug|Win32
		{5C321CBC-E48D-41E4-BD9B-AA3E94BE586A}.Debug|x86.Build.0 = Debug|Win32
		{5C321CBC-E48D-41E4-BD9B-AA3E94BE586A}.Release|x64.ActiveCfg = Release|x64
		{5C321CBC-E48D-41E4-BD9B-AA3E94BE586A}.Release|x64.Build.0 = Release|x64
		{5C321CBC-E48D-41E4-BD9B-AA3E94BE586A}.Release|x86.ActiveCfg = Release|Win32
		{5C321CBC-E48D-41E4-BD9B-AA3E94BE586A}.Release|x86.Build.0 = Release|Win32
		{521020F9-27BB-4C81-B30E-F40D827B66A5}.Debug|x64.ActiveCfg = Debug|x64
		{521020F9-27BB-4C81-B30E-F40D827B66A5}.Debug|x64.Build.0 = Debug|x64
		{521020F9-27BB-4C81-B30E-F40D827B66A5}.Debug|x86.ActiveCfg = Debug|Win32
		{521020F9-27BB-4C81-B30E-F40D827B66A5}.Debug|x86.Build.0 = Debug|Win32
		{521020F9-27BB-4C81-B30E-F40D827B66A5}.Release|x64.ActiveCfg = Release|x64
		{521020F9-27BB-4C81-B30E-F40D827B66A5}.Release|x64.Build.0 = Release|x64
		{521020F9-27BB-4C81-B30E-F40D827B66A5}.Release|x86.ActiveCfg = Release|Win32
		{521020F9-27BB-4C81-B30E-F40D827B66A5}.Release|x86.Build.0 = Release|Win32
		{F372E684-C1AF-40E2-BAC2-59717A719BA1}.Debug|x64.ActiveCfg = Debug|x64
		{F372E684-C1AF-40E2-BAC2-59717A719BA1}.Debug|x64.Build.0 = Debug|x64
		{F372E684-C1AF-40E2-BAC2-59717A719BA1}.Debug|x86.ActiveCfg = Debug|Win32
		{F372E684-C1AF-40E2-BAC2-59717A719BA1}.Debug|x86.Build.0 = Debug|Win32
		{F372E684-C1AF-40E2-BAC2-59717A719BA1}.Release|x64.ActiveCfg = Release|x64
		{F372E684-C1AF-40E2-BAC2-59717A719BA1}.Release|x64.Build.0 = Release|x64
		{F372E684-C1AF-40E2-BAC2-59717A719BA1}.Release|x86.ActiveCfg = Release|Win32
		{F372E684-C1AF-40E2-BAC2-59717A719BA1}.Release|x86.Build.0 = Release|Win32
		{AFB07D15-F955-4E97-B3B1-DA8CD6E1531B}.Debug|x64.ActiveCfg = Debug|x64
		{AFB07D15-F955-4E97-B3B1-DA8CD6E1531B}.Debug|x64.Build.0 = Debug|x64
		{AFB07D15-F955-4E97-B3B1-DA8CD6E1531B}.Debug|x86.ActiveCfg = Debug|Win32
		{AFB07D15-F955-4E97-B3B1-DA8CD6E1531B}.Debug|x86.Build.0 = Debug|Win32
		{AFB07D15-F955-4E97-B3B1-DA8CD6E1531B}.Release|x64.ActiveCfg = Release|x64
		{AFB07D15-F955-4E97-B3B1-DA8CD6E1531B}.Release|x64.Build.0 = Release|x64
		{AFB07D15-F955-4E97-B3B1-DA8CD6E1531B}.Release|x86.ActiveCfg = Release|Win32
		{AFB07D15-F955-4E97-B3B1-DA8CD6E1531B}.Release|x86.Build.0 = Release|Win32
		{7265FDEE-43B5-4CFA-AE40-E76DEFB7C835}.Debug|x64.ActiveCfg = Debug|x64
		{7265FDEE-43B5-4CFA-AE40-E76DEFB7C835}.Debug|x64.Build.0 = Debug|x64
		{7265FDEE-43B5-4CFA-AE40-E76DEFB7C835}.Debug|x86.ActiveCfg = Debug|Win32
		{7265FDEE-43B5-4CFA-AE40-E76DEFB7C835}.Debug|x86.Build.0 = Debug|Win32
		{7265FDEE-43B5-4CFA-AE40-E76DEFB7C835}.Release|x64.ActiveCfg = Release|x64
		{7265FDEE-43B5-4CFA-AE40-E76DEFB7C835}.Release|x64.Build.0 = Release|x64
		{7265FDEE-43B5-4CFA-AE40-E76DEFB7C835}.Release|x86.ActiveCfg = Release|Win32
		{7265FDEE-43B5-4CFA-AE40-E76DEFB7C835}.Release|x86.Build.0 = Release|Win32
		{1031CE7F-EA3F-46BF-8356-4E127A2D5704}.Debug|x64.ActiveCfg = Debug|x64
		{1031CE7F-EA3F-46BF-8356-4E127A2D5704}.Debug|x64.Build.0 = Debug|x64
		{1031CE7F-EA3F-46BF-8356-4E127A2D5704}.Debug|x86.ActiveCfg = Debug|Win32
		{1031CE7F-EA3F-46BF-8356-4E127A2D5704}.Debug|x86.Build.0 = Debug|Win32
		{1031CE7F-EA3F-46BF-8356-4E127A2D5704}.Release|x64.ActiveCfg = Release|x64
		{1031CE7F-EA3F-46BF-8356-4E127A2D5704}.Release|x64.Build.0 = Release|x64
		{1031CE7F-EA3F-46BF-8356-4E127A2D5704}.Release|x86.ActiveCfg = Release|Win32
		{1031CE7F-EA3F-46BF-8356-4E127A2D5704}.Release|x86.Build.0 = Release|Win32
	EndGlobalSection
	GlobalSection(SolutionProperties) = preSolution
		HideSolutionNode = FALSE
	EndGlobalSection
EndGlobal
